
Microsoft Visual Studio Solution File, Format Version 12.00
# Visual Studio Version 17
VisualStudioVersion = 17.0.31919.166
MinimumVisualStudioVersion = 10.0.40219.1
Project("{FAE04EC0-301F-11D3-BF4B-00C04F79EFBC}") = "MongoDBLoader", "MongoDBLoader\MongoDBLoader.csproj", "{B76FB20F-0BAD-4F6B-AE6B-DE87CEDB6B30}"
EndProject
Project("{FAE04EC0-301F-11D3-BF4B-00C04F79EFBC}") = "MongoDBLoader.Domain", "MongoDBLoader.Domain\MongoDBLoader.Domain.csproj", "{AA390E29-D9BD-47F1-90B4-9CCF433DFA1E}"
EndProject
Global
	GlobalSection(SolutionConfigurationPlatforms) = preSolution
		Debug|Any CPU = Debug|Any CPU
		Release|Any CPU = Release|Any CPU
	EndGlobalSection
	GlobalSection(ProjectConfigurationPlatforms) = postSolution
		{B76FB20F-0BAD-4F6B-AE6B-DE87CEDB6B30}.Debug|Any CPU.ActiveCfg = Debug|Any CPU
		{B76FB20F-0BAD-4F6B-AE6B-DE87CEDB6B30}.Debug|Any CPU.Build.0 = Debug|Any CPU
		{B76FB20F-0BAD-4F6B-AE6B-DE87CEDB6B30}.Release|Any CPU.ActiveCfg = Release|Any CPU
		{B76FB20F-0BAD-4F6B-AE6B-DE87CEDB6B30}.Release|Any CPU.Build.0 = Release|Any CPU
		{AA390E29-D9BD-47F1-90B4-9CCF433DFA1E}.Debug|Any CPU.ActiveCfg = Debug|Any CPU
		{AA390E29-D9BD-47F1-90B4-9CCF433DFA1E}.Debug|Any CPU.Build.0 = Debug|Any CPU
		{AA390E29-D9BD-47F1-90B4-9CCF433DFA1E}.Release|Any CPU.ActiveCfg = Release|Any CPU
		{AA390E29-D9BD-47F1-90B4-9CCF433DFA1E}.Release|Any CPU.Build.0 = Release|Any CPU
	EndGlobalSection
	GlobalSection(SolutionProperties) = preSolution
		HideSolutionNode = FALSE
	EndGlobalSection
	GlobalSection(ExtensibilityGlobals) = postSolution
		SolutionGuid = {8BBCB6C7-2E2B-4C6B-832E-360C58B8F12A}
	EndGlobalSection
EndGlobal
